
Microsoft Visual Studio Solution File, Format Version 12.00
# Visual Studio Version 16
VisualStudioVersion = 16.0.30204.135
MinimumVisualStudioVersion = 10.0.40219.1
Project("{9A19103F-16F7-4668-BE54-9A1E7A4F7556}") = "NekoSheet", "NekoSheet\NekoSheet.csproj", "{50AC2415-1E88-404C-99EF-E88754BBE93E}"
EndProject
Project("{2150E333-8FDC-42A3-9474-1A3956D46DE8}") = "Tests", "Tests", "{A0230783-A9F2-45DC-82E2-2156554D55FD}"
EndProject
Project("{FAE04EC0-301F-11D3-BF4B-00C04F79EFBC}") = "NekoSheet.Test", "Tests\NekoSheet.Test\NekoSheet.Test.csproj", "{D8A40767-C4FF-4B58-BA0D-EA792EC647D5}"
EndProject
Project("{FAE04EC0-301F-11D3-BF4B-00C04F79EFBC}") = "NekoSheet.Console", "NekoSheet.Console\NekoSheet.Console.csproj", "{79FDBC10-5137-4868-8651-74A32978F280}"
EndProject
Global
	GlobalSection(SolutionConfigurationPlatforms) = preSolution
		Debug|Any CPU = Debug|Any CPU
		Release|Any CPU = Release|Any CPU
	EndGlobalSection
	GlobalSection(ProjectConfigurationPlatforms) = postSolution
		{50AC2415-1E88-404C-99EF-E88754BBE93E}.Debug|Any CPU.ActiveCfg = Debug|Any CPU
		{50AC2415-1E88-404C-99EF-E88754BBE93E}.Debug|Any CPU.Build.0 = Debug|Any CPU
		{50AC2415-1E88-404C-99EF-E88754BBE93E}.Release|Any CPU.ActiveCfg = Release|Any CPU
		{50AC2415-1E88-404C-99EF-E88754BBE93E}.Release|Any CPU.Build.0 = Release|Any CPU
		{D8A40767-C4FF-4B58-BA0D-EA792EC647D5}.Debug|Any CPU.ActiveCfg = Debug|Any CPU
		{D8A40767-C4FF-4B58-BA0D-EA792EC647D5}.Debug|Any CPU.Build.0 = Debug|Any CPU
		{D8A40767-C4FF-4B58-BA0D-EA792EC647D5}.Release|Any CPU.ActiveCfg = Release|Any CPU
		{D8A40767-C4FF-4B58-BA0D-EA792EC647D5}.Release|Any CPU.Build.0 = Release|Any CPU
		{79FDBC10-5137-4868-8651-74A32978F280}.Debug|Any CPU.ActiveCfg = Debug|Any CPU
		{79FDBC10-5137-4868-8651-74A32978F280}.Debug|Any CPU.Build.0 = Debug|Any CPU
		{79FDBC10-5137-4868-8651-74A32978F280}.Release|Any CPU.ActiveCfg = Release|Any CPU
		{79FDBC10-5137-4868-8651-74A32978F280}.Release|Any CPU.Build.0 = Release|Any CPU
	EndGlobalSection
	GlobalSection(SolutionProperties) = preSolution
		HideSolutionNode = FALSE
	EndGlobalSection
	GlobalSection(NestedProjects) = preSolution
		{D8A40767-C4FF-4B58-BA0D-EA792EC647D5} = {A0230783-A9F2-45DC-82E2-2156554D55FD}
	EndGlobalSection
	GlobalSection(ExtensibilityGlobals) = postSolution
		SolutionGuid = {DE9EC027-C2CA-4CD2-AC3E-C28B8B456548}
	EndGlobalSection
EndGlobal
